
Microsoft Visual Studio Solution File, Format Version 12.00
# Visual Studio Version 17
VisualStudioVersion = 17.0.32112.339
MinimumVisualStudioVersion = 10.0.40219.1
Project("{FAE04EC0-301F-11D3-BF4B-00C04F79EFBC}") = "csharp-integration-tests", "csharp-integration-tests\csharp-integration-tests.csproj", "{0A321C13-B222-411A-A370-A81F7E6D8C47}"
EndProject
Project("{FAE04EC0-301F-11D3-BF4B-00C04F79EFBC}") = "unit-tests", "unit-tests\unit-tests.csproj", "{9E1C840A-85FD-434A-A61D-FE66A8456651}"
EndProject
Global
	GlobalSection(SolutionConfigurationPlatforms) = preSolution
		Debug|Any CPU = Debug|Any CPU
		Release|Any CPU = Release|Any CPU
	EndGlobalSection
	GlobalSection(ProjectConfigurationPlatforms) = postSolution
		{0A321C13-B222-411A-A370-A81F7E6D8C47}.Debug|Any CPU.ActiveCfg = Debug|Any CPU
		{0A321C13-B222-411A-A370-A81F7E6D8C47}.Debug|Any CPU.Build.0 = Debug|Any CPU
		{0A321C13-B222-411A-A370-A81F7E6D8C47}.Release|Any CPU.ActiveCfg = Release|Any CPU
		{0A321C13-B222-411A-A370-A81F7E6D8C47}.Release|Any CPU.Build.0 = Release|Any CPU
		{9E1C840A-85FD-434A-A61D-FE66A8456651}.Debug|Any CPU.ActiveCfg = Debug|Any CPU
		{9E1C840A-85FD-434A-A61D-FE66A8456651}.Debug|Any CPU.Build.0 = Debug|Any CPU
		{9E1C840A-85FD-434A-A61D-FE66A8456651}.Release|Any CPU.ActiveCfg = Release|Any CPU
		{9E1C840A-85FD-434A-A61D-FE66A8456651}.Release|Any CPU.Build.0 = Release|Any CPU
	EndGlobalSection
	GlobalSection(SolutionProperties) = preSolution
		HideSolutionNode = FALSE
	EndGlobalSection
	GlobalSection(ExtensibilityGlobals) = postSolution
		SolutionGuid = {1308FE7E-D179-4ECD-920E-4554A786794B}
	EndGlobalSection
EndGlobal
